{
  "name": "electron-music-player",
  "version": "1.0.0",
  "lockfileVersion": 1,
  "requires": true,
  "dependencies": {
    "debug": {
      "version": "4.0.1",
      "resolved": "https://registry.npmjs.org/debug/-/debug-4.0.1.tgz",
      "integrity": "sha512-K23FHJ/Mt404FSlp6gSZCevIbTMLX0j3fmHhUEhQ3Wq0FMODW3+cUSoLdy1Gx4polAf4t/lphhmHH35BB8cLYw==",
      "requires": {
        "ms": "^2.1.1"
      }
    },
    "file-type": {
      "version": "9.0.0",
      "resolved": "https://registry.npmjs.org/file-type/-/file-type-9.0.0.tgz",
      "integrity": "sha512-Qe/5NJrgIOlwijpq3B7BEpzPFcgzggOTagZmkXQY4LA6bsXKTUstK7Wp12lEJ/mLKTpvIZxmIuRcLYWT6ov9lw=="
    },
    "jquery": {
      "version": "3.3.1",
      "resolved": "https://registry.npmjs.org/jquery/-/jquery-3.3.1.tgz",
      "integrity": "sha512-Ubldcmxp5np52/ENotGxlLe6aGMvmF4R8S6tZjsP6Knsaxd/xp3Zrh50cG93lR6nPXyUFwzN3ZSOQI0wRJNdGg=="
    },
    "media-typer": {
      "version": "0.3.0",
      "resolved": "https://registry.npmjs.org/media-typer/-/media-typer-0.3.0.tgz",
      "integrity": "sha1-hxDXrwqmJvj/+hzgAWhUUmMlV0g="
    },
    "ms": {
      "version": "2.1.1",
      "resolved": "https://registry.npmjs.org/ms/-/ms-2.1.1.tgz",
      "integrity": "sha512-tgp+dl5cGk28utYktBsrFqA7HKgrhgPsg6Z/EfhWI4gl1Hwq8B/GmY/0oXZ6nF8hDVesS/FpnYaD/kOWhYQvyg=="
    },
    "music-metadata": {
      "version": "3.1.0",
      "resolved": "https://registry.npmjs.org/music-metadata/-/music-metadata-3.1.0.tgz",
      "integrity": "sha512-VBYJ+BLUHT2VIR5YZ5A9bHSU3aQoDlFM2Og+B9t5P1KgFue6QS79kIO3u/6T9lts6aO+V8TrCZTk2w60/hMpYQ==",
      "requires": {
        "debug": "^4.0.1",
        "file-type": "9",
        "media-typer": "^0.3.0",
        "strtok3": "^2.1.0",
        "then-read-stream": "^1.3.0",
        "token-types": "^1.0.0"
      }
    },
    "strtok3": {
      "version": "2.1.0",
      "resolved": "https://registry.npmjs.org/strtok3/-/strtok3-2.1.0.tgz",
      "integrity": "sha512-p8hiDHjR2/H547NcwJ0yQ+L0wqsZkpTJqbR//HPsEts5F+P7k2eoMJD83Cj4PX4i4jpiJn+5iQHRSnLEMU55+A==",
      "requires": {
        "debug": "^4.0.1",
        "then-read-stream": "^1.3.0",
        "token-types": "^1.0.0"
      }
    },
    "then-read-stream": {
      "version": "1.3.0",
      "resolved": "https://registry.npmjs.org/then-read-stream/-/then-read-stream-1.3.0.tgz",
      "integrity": "sha512-yVe+yEXlOXfTB0d40N3BT41lhwNyvwTQa8W1Q/ZZGhev9dDNJPxQ0F4JJOiFMoAS5s1NFSj/pFAGJARYeeoKjg=="
    },
    "token-types": {
      "version": "1.0.0",
      "resolved": "https://registry.npmjs.org/token-types/-/token-types-1.0.0.tgz",
      "integrity": "sha512-IY85YRI6PvXiYMFvbLEcqx2pIbp/2w1R5wuPmM5H1tnDnKs5zwsbrzY70nCtbPCkQyqKQNX2mAK3FWJWB1BVmg=="
    }
  }
}
